# This file is automatically @generated by Poetry 2.3.2 and should not be changed by hand.

[[package]]
name = "asgiref"
version = "3.11.1"
description = "ASGI specs, helper code, and adapters"
optional = false
python-versions = ">=3.9"
groups = ["main"]
files = [
    {file = "asgiref-3.11.1-py3-none-any.whl", hash = "sha256:e8667a091e69529631969fd45dc268fa79b99c92c5fcdda727757e52146ec133"},
    {file = "asgiref-3.11.1.tar.gz", hash = "sha256:5f184dc43b7e763efe848065441eac62229c9f7b0475f41f80e207a114eda4ce"},
]

[package.extras]
tests = ["mypy (>=1.14.0)", "pytest", "pytest-asyncio"]

[[package]]
name = "behave"
version = "1.3.3"
description = "behave is behaviour-driven development, Python style"
optional = false
python-versions = "!=3.0.*,!=3.1.*,!=3.2.*,>=2.7"
groups = ["dev"]
files = [
    {file = "behave-1.3.3-py2.py3-none-any.whl", hash = "sha256:89bdb62af8fb9f147ce245736a5de69f025e5edfb66f1fbe16c5007493f842c0"},
    {file = "behave-1.3.3.tar.gz", hash = "sha256:2b8f4b64ed2ea756a5a2a73e23defc1c4631e9e724c499e46661778453ebaf51"},
]

[package.dependencies]
colorama = ">=0.3.7"
cucumber-expressions = {version = ">=17.1.0", markers = "python_version >= \"3.8\""}
cucumber-tag-expressions = ">=4.1.0"
parse = ">=1.18.0"
parse-type = ">=0.6.0"
six = ">=1.15.0"

[package.extras]
develop = ["PyHamcrest (<2.0) ; python_version < \"3.0\"", "PyHamcrest (>=2.0.2) ; python_version >= \"3.0\"", "build (>=0.5.1)", "coverage (>=5.0)", "invoke (>=1.7.0) ; python_version >= \"3.6\"", "invoke (>=1.7.0,<2.0) ; python_version < \"3.6\"", "mock (<4.0) ; python_version < \"3.6\"", "mock (>=4.0) ; python_version >= \"3.6\"", "modernize (>=0.5)", "path (>=13.1.0) ; python_version >= \"3.5\"", "path.py (>=11.5.0) ; python_version < \"3.5\"", "pycmd", "pylint", "pytest (>=4.2,<5.0) ; python_version < \"3.0\"", "pytest (>=5.0) ; python_version >= \"3.0\"", "pytest-cov", "pytest-html (>=1.19.0,<2.0) ; python_version < \"3.0\"", "pytest-html (>=2.0) ; python_version >= \"3.0\"", "ruff ; python_version >= \"3.7\"", "tox (>=3.28.0,<4.0)", "twine (>=1.13.0)", "virtualenv (<20.22.0) ; python_version < \"3.7\"", "virtualenv (>=20.26.6) ; python_version >= \"3.7\""]
docs = ["furo (>=2024.4.27) ; python_version >= \"3.8\"", "sphinx (>=1.6,<4.4) ; python_version < \"3.7\"", "sphinx (>=7.4.0) ; python_version >= \"3.7\"", "sphinx-copybutton (>=0.5.2) ; python_version >= \"3.7\"", "sphinxcontrib-applehelp (>=1.0.8) ; python_version >= \"3.7\"", "sphinxcontrib-htmlhelp (>=2.0.5) ; python_version >= \"3.7\""]
formatters = ["behave-html-formatter (>=0.9.10) ; python_version >= \"3.6\"", "behave-html-pretty-formatter (>=1.9.1) ; python_version >= \"3.6\""]
testing = ["PyHamcrest (<2.0) ; python_version < \"3.0\"", "PyHamcrest (>=2.0.2) ; python_version >= \"3.0\"", "assertpy (>=1.1)", "chardet", "freezegun (>=1.5.1) ; python_version > \"3.7\"", "mock (<4.0) ; python_version < \"3.6\"", "mock (>=4.0) ; python_version >= \"3.6\"", "path (>=13.1.0) ; python_version >= \"3.5\"", "path.py (>=11.5.0,<13.0) ; python_version < \"3.5\"", "pytest (<5.0) ; python_version < \"3.0\"", "pytest (>=5.0) ; python_version >= \"3.0\"", "pytest-html (>=1.19.0,<2.0) ; python_version < \"3.0\"", "pytest-html (>=2.0) ; python_version >= \"3.0\""]

[[package]]
name = "colorama"
version = "0.4.6"
description = "Cross-platform colored terminal text."
optional = false
python-versions = "!=3.0.*,!=3.1.*,!=3.2.*,!=3.3.*,!=3.4.*,!=3.5.*,!=3.6.*,>=2.7"
groups = ["dev"]
files = [
    {file = "colorama-0.4.6-py2.py3-none-any.whl", hash = "sha256:4f1d9991f5acc0ca119f9d443620b77f9d6b33703e51011c16baf57afb285fc6"},
    {file = "colorama-0.4.6.tar.gz", hash = "sha256:08695f5cb7ed6e0531a20572697297273c47b8cae5a63ffc6d6ed5c201be6e44"},
]

[[package]]
name = "cucumber-expressions"
version = "19.0.0"
description = "Cucumber Expressions - a simpler alternative to Regular Expressions"
optional = false
python-versions = ">=3.10"
groups = ["dev"]
files = [
    {file = "cucumber_expressions-19.0.0-py3-none-any.whl", hash = "sha256:f452e6c73258c1677043ad67ad5f538c87284d6b502004720510fb6b7452d9c5"},
    {file = "cucumber_expressions-19.0.0.tar.gz", hash = "sha256:8eb5ae46dd03dd37fec1163ace1510529501d7d1868ff372c1ab2cd5aa4543a8"},
]

[[package]]
name = "cucumber-tag-expressions"
version = "9.1.0"
description = "Provides a tag-expression parser and evaluation logic for cucumber/behave"
optional = false
python-versions = ">=3.10"
groups = ["dev"]
files = [
    {file = "cucumber_tag_expressions-9.1.0-py3-none-any.whl", hash = "sha256:cca145d677a942c1877e5a2cf13da8c6ec99260988877c817efd284d8455bb56"},
    {file = "cucumber_tag_expressions-9.1.0.tar.gz", hash = "sha256:d960383d5885300ebcbcb14e41657946fde2a59d5c0f485eb291bc6a0e228acc"},
]

[[package]]
name = "django"
version = "4.2.11"
description = "A high-level Python web framework that encourages rapid development and clean, pragmatic design."
optional = false
python-versions = ">=3.8"
groups = ["main"]
files = [
    {file = "Django-4.2.11-py3-none-any.whl", hash = "sha256:ddc24a0a8280a0430baa37aff11f28574720af05888c62b7cfe71d219f4599d3"},
    {file = "Django-4.2.11.tar.gz", hash = "sha256:6e6ff3db2d8dd0c986b4eec8554c8e4f919b5c1ff62a5b4390c17aff2ed6e5c4"},
]

[package.dependencies]
asgiref = ">=3.6.0,<4"
sqlparse = ">=0.3.1"
tzdata = {version = "*", markers = "sys_platform == \"win32\""}

[package.extras]
argon2 = ["argon2-cffi (>=19.1.0)"]
bcrypt = ["bcrypt"]

[[package]]
name = "django-debug-toolbar"
version = "6.2.0"
description = "A configurable set of panels that display various debug information about the current request/response."
optional = false
python-versions = ">=3.10"
groups = ["main"]
files = [
    {file = "django_debug_toolbar-6.2.0-py3-none-any.whl", hash = "sha256:1575461954e6befa720e999dec13fe4f1cc8baf40b6c3ac2aec5f340c0f9c85f"},
    {file = "django_debug_toolbar-6.2.0.tar.gz", hash = "sha256:dc1c174d8fb0ea01435e02d9ceef735cf62daf37c1a6a5692d33b4127327679b"},
]

[package.dependencies]
django = ">=4.2.9"
sqlparse = ">=0.2"

[[package]]
name = "parse"
version = "1.21.1"
description = "parse() is the opposite of format()"
optional = false
python-versions = "*"
groups = ["dev"]
files = [
    {file = "parse-1.21.1-py2.py3-none-any.whl", hash = "sha256:55339ca698019815df3b8e8b550e5933933527e623b0cdf1ca2f404da35ffb47"},
    {file = "parse-1.21.1.tar.gz", hash = "sha256:825e1a88e9d9fb481b8d2ca709c6195558b6eaa97c559ad3a9a20aa2d12815a3"},
]

[[package]]
name = "parse-type"
version = "0.6.6"
description = "Simplifies to build parse types based on the parse module"
optional = false
python-versions = "!=3.0.*,!=3.1.*,>=2.7"
groups = ["dev"]
files = [
    {file = "parse_type-0.6.6-py2.py3-none-any.whl", hash = "sha256:3ca79bbe71e170dfccc8ec6c341edfd1c2a0fc1e5cfd18330f93af938de2348c"},
    {file = "parse_type-0.6.6.tar.gz", hash = "sha256:513a3784104839770d690e04339a8b4d33439fcd5dd99f2e4580f9fc1097bfb2"},
]

[package.dependencies]
parse = {version = ">=1.18.0", markers = "python_version >= \"3.0\""}
six = ">=1.15"

[package.extras]
develop = ["build (>=0.5.1)", "coverage (>=4.4)", "pylint", "pytest (<5.0) ; python_version < \"3.0\"", "pytest (>=5.0) ; python_version >= \"3.0\"", "pytest-cov", "pytest-html (>=1.19.0)", "ruff ; python_version >= \"3.7\"", "setuptools", "setuptools-scm", "tox (>=2.8,<4.0)", "twine (>=1.13.0)", "virtualenv (<20.22.0) ; python_version <= \"3.6\"", "virtualenv (>=20.0.0) ; python_version > \"3.6\"", "wheel"]
docs = ["Sphinx (>=1.6)", "sphinx_bootstrap_theme (>=0.6.0)"]
testing = ["pytest (<5.0) ; python_version < \"3.0\"", "pytest (>=5.0) ; python_version >= \"3.0\"", "pytest-html (>=1.19.0)"]

[[package]]
name = "six"
version = "1.17.0"
description = "Python 2 and 3 compatibility utilities"
optional = false
python-versions = "!=3.0.*,!=3.1.*,!=3.2.*,>=2.7"
groups = ["dev"]
files = [
    {file = "six-1.17.0-py2.py3-none-any.whl", hash = "sha256:4721f391ed90541fddacab5acf947aa0d3dc7d27b2e1e8eda2be8970586c3274"},
    {file = "six-1.17.0.tar.gz", hash = "sha256:ff70335d468e7eb6ec65b95b99d3a2836546063f63acc5171de367e834932a81"},
]

[[package]]
name = "sqlparse"
version = "0.5.5"
description = "A non-validating SQL parser."
optional = false
python-versions = ">=3.8"
groups = ["main"]
files = [
    {file = "sqlparse-0.5.5-py3-none-any.whl", hash = "sha256:12a08b3bf3eec877c519589833aed092e2444e68240a3577e8e26148acc7b1ba"},
    {file = "sqlparse-0.5.5.tar.gz", hash = "sha256:e20d4a9b0b8585fdf63b10d30066c7c94c5d7a7ec47c889a2d83a3caa93ff28e"},
]

[package.extras]
dev = ["build"]
doc = ["sphinx"]

[[package]]
name = "tzdata"
version = "2025.3"
description = "Provider of IANA time zone data"
optional = false
python-versions = ">=2"
groups = ["main"]
markers = "sys_platform == \"win32\""
files = [
    {file = "tzdata-2025.3-py2.py3-none-any.whl", hash = "sha256:06a47e5700f3081aab02b2e513160914ff0694bce9947d6b76ebd6bf57cfc5d1"},
    {file = "tzdata-2025.3.tar.gz", hash = "sha256:de39c2ca5dc7b0344f2eba86f49d614019d29f060fc4ebc8a417896a620b56a7"},
]

[metadata]
lock-version = "2.1"
python-versions = ">=3.12,<4.0"
content-hash = "d8c254c0e157371c8c668c1e703b6f9ab71817398c240111d068358b871072f3"
